
Microsoft Visual Studio Solution File, Format Version 12.00
# Visual Studio Version 17
VisualStudioVersion = 17.5.33424.131
MinimumVisualStudioVersion = 10.0.40219.1
Project("{FAE04EC0-301F-11D3-BF4B-00C04F79EFBC}") = "market otomasyonu sistemi", "market otomasyonu sistemi\market otomasyonu sistemi.csproj", "{BA821EAE-5F77-46F2-A8B1-B8755A767DC7}"
EndProject
Global
	GlobalSection(SolutionConfigurationPlatforms) = preSolution
		Debug|Any CPU = Debug|Any CPU
		Release|Any CPU = Release|Any CPU
	EndGlobalSection
	GlobalSection(ProjectConfigurationPlatforms) = postSolution
		{BA821EAE-5F77-46F2-A8B1-B8755A767DC7}.Debug|Any CPU.ActiveCfg = Debug|Any CPU
		{BA821EAE-5F77-46F2-A8B1-B8755A767DC7}.Debug|Any CPU.Build.0 = Debug|Any CPU
		{BA821EAE-5F77-46F2-A8B1-B8755A767DC7}.Release|Any CPU.ActiveCfg = Release|Any CPU
		{BA821EAE-5F77-46F2-A8B1-B8755A767DC7}.Release|Any CPU.Build.0 = Release|Any CPU
	EndGlobalSection
	GlobalSection(SolutionProperties) = preSolution
		HideSolutionNode = FALSE
	EndGlobalSection
	GlobalSection(ExtensibilityGlobals) = postSolution
		SolutionGuid = {C1FC5DD5-2C58-4FBD-963B-5F95B1FE3E66}
	EndGlobalSection
EndGlobal
